
Microsoft Visual Studio Solution File, Format Version 12.00
# Visual Studio Version 17
VisualStudioVersion = 17.0.32014.148
MinimumVisualStudioVersion = 10.0.40219.1
Project("{FAE04EC0-301F-11D3-BF4B-00C04F79EFBC}") = "EX03_Matriz", "EX03_Matriz\EX03_Matriz.csproj", "{1B03CEF0-EC6F-4EF9-9104-309B4ABB400F}"
EndProject
Global
	GlobalSection(SolutionConfigurationPlatforms) = preSolution
		Debug|Any CPU = Debug|Any CPU
		Release|Any CPU = Release|Any CPU
	EndGlobalSection
	GlobalSection(ProjectConfigurationPlatforms) = postSolution
		{1B03CEF0-EC6F-4EF9-9104-309B4ABB400F}.Debug|Any CPU.ActiveCfg = Debug|Any CPU
		{1B03CEF0-EC6F-4EF9-9104-309B4ABB400F}.Debug|Any CPU.Build.0 = Debug|Any CPU
		{1B03CEF0-EC6F-4EF9-9104-309B4ABB400F}.Release|Any CPU.ActiveCfg = Release|Any CPU
		{1B03CEF0-EC6F-4EF9-9104-309B4ABB400F}.Release|Any CPU.Build.0 = Release|Any CPU
	EndGlobalSection
	GlobalSection(SolutionProperties) = preSolution
		HideSolutionNode = FALSE
	EndGlobalSection
	GlobalSection(ExtensibilityGlobals) = postSolution
		SolutionGuid = {D6E76A4C-32F5-447A-8D9F-67ECB6C0B183}
	EndGlobalSection
EndGlobal
