
Microsoft Visual Studio Solution File, Format Version 12.00
# Visual Studio Version 17
VisualStudioVersion = 17.0.32014.148
MinimumVisualStudioVersion = 10.0.40219.1
Project("{FAE04EC0-301F-11D3-BF4B-00C04F79EFBC}") = "EX03_PAG72", "EX03_PAG72\EX03_PAG72.csproj", "{AA03CD36-CD7F-4E1B-8E1D-437F24C8B8A8}"
EndProject
Global
	GlobalSection(SolutionConfigurationPlatforms) = preSolution
		Debug|Any CPU = Debug|Any CPU
		Release|Any CPU = Release|Any CPU
	EndGlobalSection
	GlobalSection(ProjectConfigurationPlatforms) = postSolution
		{AA03CD36-CD7F-4E1B-8E1D-437F24C8B8A8}.Debug|Any CPU.ActiveCfg = Debug|Any CPU
		{AA03CD36-CD7F-4E1B-8E1D-437F24C8B8A8}.Debug|Any CPU.Build.0 = Debug|Any CPU
		{AA03CD36-CD7F-4E1B-8E1D-437F24C8B8A8}.Release|Any CPU.ActiveCfg = Release|Any CPU
		{AA03CD36-CD7F-4E1B-8E1D-437F24C8B8A8}.Release|Any CPU.Build.0 = Release|Any CPU
	EndGlobalSection
	GlobalSection(SolutionProperties) = preSolution
		HideSolutionNode = FALSE
	EndGlobalSection
	GlobalSection(ExtensibilityGlobals) = postSolution
		SolutionGuid = {12F48A9D-37D8-4F11-9F38-4AF33BA64B51}
	EndGlobalSection
EndGlobal
