
Microsoft Visual Studio Solution File, Format Version 12.00
# Visual Studio Version 17
VisualStudioVersion = 17.0.32014.148
MinimumVisualStudioVersion = 10.0.40219.1
Project("{FAE04EC0-301F-11D3-BF4B-00C04F79EFBC}") = "EX01_PAG62", "EX01_PAG62\EX01_PAG62.csproj", "{B0A7D536-623D-422D-B8E8-7F6942CEF603}"
EndProject
Global
	GlobalSection(SolutionConfigurationPlatforms) = preSolution
		Debug|Any CPU = Debug|Any CPU
		Release|Any CPU = Release|Any CPU
	EndGlobalSection
	GlobalSection(ProjectConfigurationPlatforms) = postSolution
		{B0A7D536-623D-422D-B8E8-7F6942CEF603}.Debug|Any CPU.ActiveCfg = Debug|Any CPU
		{B0A7D536-623D-422D-B8E8-7F6942CEF603}.Debug|Any CPU.Build.0 = Debug|Any CPU
		{B0A7D536-623D-422D-B8E8-7F6942CEF603}.Release|Any CPU.ActiveCfg = Release|Any CPU
		{B0A7D536-623D-422D-B8E8-7F6942CEF603}.Release|Any CPU.Build.0 = Release|Any CPU
	EndGlobalSection
	GlobalSection(SolutionProperties) = preSolution
		HideSolutionNode = FALSE
	EndGlobalSection
	GlobalSection(ExtensibilityGlobals) = postSolution
		SolutionGuid = {7C1D1A89-1467-4868-886C-044FDC0CC78F}
	EndGlobalSection
EndGlobal
